{
  "name": "linuxterminal",
  "version": "1.5.0",
  "lockfileVersion": 3,
  "requires": true,
  "packages": {
    "": {
      "name": "linuxterminal",
      "version": "1.5.0",
      "dependencies": {
        "@xterm/addon-fit": "^0.10.0",
        "@xterm/xterm": "^5.5.0",
        "monaco-editor": "^0.52.0"
      },
      "devDependencies": {
        "esbuild": "^0.28.0",
        "typescript": "^5.6.3",
        "vite": "^8.2.1",
        "playwright": "1.56.0"
      },
      "engines": {
        "node": ">=22.0.0",
        "npm": ">=10.8.0"
      }
    },
    "node_modules/@xterm/addon-fit": {
      "version": "0.10.0",
      "resolved": "https://registry.npmjs.org/@xterm/addon-fit/-/addon-fit-0.10.0.tgz",
      "integrity": "sha512-UFYkDm4HUahf2lnEyHvio51TNGiLK66mqP2JoATy7hRZeXaGMRDr00JiSF7m63vR5WKATF605yEggJKsw0JpMQ==",
      "dev": false,
      "license": "MIT",
      "peerDependencies": { "@xterm/xterm": "^5.0.0" }
    },
    "node_modules/@xterm/xterm": {
      "version": "5.5.0",
      "resolved": "https://registry.npmjs.org/@xterm/xterm/-/xterm-5.5.0.tgz",
      "integrity": "sha512-hqJHYaQb5OptNunnyAnkHyM8aCjZ1MEIDTQu1iIbbTD/xops91NB5yq1ZK/dC2JDbVWtF23zUtl9JE2NqwT87A==",
      "dev": false,
      "license": "MIT"
    },
    "node_modules/monaco-editor": {
      "version": "0.52.2",
      "resolved": "https://registry.npmjs.org/monaco-editor/-/monaco-editor-0.52.2.tgz",
      "integrity": "sha512-GEQWEZmfkOGLdd3XK8ryrfWz3AIP8YymVXiPHEdewrUq7mh0qrKrfHLNCXcbB6sTnMLnOZ3ztSiKcciFUkIJwQ==",
      "dev": false,
      "license": "MIT"
    },
    "node_modules/esbuild": {
      "version": "0.28.0",
      "resolved": "https://registry.npmjs.org/esbuild/-/esbuild-0.28.0.tgz",
      "integrity": "sha512-sNR9MHpXSUV/XB4zmsFKN+QgVG82Cc7+/aaxJ8Adi8hyOac+EXptIp45QBPaVyX3N70664wRbTcLTOemCAnyqw==",
      "dev": true,
      "hasInstallScript": true,
      "license": "MIT",
      "bin": { "esbuild": "bin/esbuild" },
      "engines": { "node": ">=18" },
      "optionalDependencies": { "@esbuild/linux-x64": "0.28.0" }
    },
    "node_modules/@esbuild/linux-x64": {
      "version": "0.28.0",
      "resolved": "https://registry.npmjs.org/@esbuild/linux-x64/-/linux-x64-0.28.0.tgz",
      "integrity": "sha512-us0dSb9iFxIi8srnpl931Nvs65it/Jd2a2K3qs7fz2WfGPHqzfzZTfec7oxZJRNPXPnNYZtanmRc4AL/JwVzHQ==",
      "cpu": ["x64"],
      "dev": true,
      "license": "MIT",
      "optional": true,
      "os": ["linux"],
      "engines": { "node": ">=18" }
    },
    "node_modules/typescript": {
      "version": "5.9.3",
      "resolved": "https://registry.npmjs.org/typescript/-/typescript-5.9.3.tgz",
      "integrity": "sha512-jl1vZzPDinLr9eUt3J/t7V6FgNEw9QjvBPdysz9KfQDD41fQrC2Y4vKQdiaUpFT4bXlb1RHhLpp8wtm6M5TgSw==",
      "dev": true,
      "license": "Apache-2.0",
      "bin": { "tsc": "bin/tsc", "tsserver": "bin/tsserver" },
      "engines": { "node": ">=14.17" }
    },
    "node_modules/vite": {
      "version": "8.2.1",
      "resolved": "https://registry.npmjs.org/vite/-/vite-8.2.1.tgz",
      "integrity": "sha512-EU/eS7BH3XROHh2YnBefjM6DBKA6ZeMZEYQbj7NLWg5wHYlhB8B/Mayd5XsgWq+NFYccDOTemRpdETWR6Ka/lw==",
      "dev": true,
      "license": "MIT",
      "dependencies": {
        "lightningcss": "^1.33.0",
        "picomatch": "^4.0.5",
        "postcss": "^8.5.25",
        "rolldown": "~1.2.1",
        "tinyglobby": "^0.2.17"
      },
      "bin": { "vite": "bin/vite.js" },
      "engines": { "node": "^20.19.0 || >=22.12.0" },
      "optionalDependencies": { "fsevents": "~2.3.3" }
    },
    "node_modules/lightningcss": {
      "version": "1.33.0",
      "resolved": "https://registry.npmjs.org/lightningcss/-/lightningcss-1.33.0.tgz",
      "integrity": "sha512-WkUDrojuJs0xkgGf2udWxa3yGBRxPtxUkB79i6aCZLRgc7PM8fZe9TosfPDcvEpQZbuFASnHYmRLBLUbmLOIIA==",
      "dev": true,
      "license": "MPL-2.0",
      "dependencies": { "detect-libc": "^2.0.3" }
    },
    "node_modules/picomatch": {
      "version": "4.0.5",
      "resolved": "https://registry.npmjs.org/picomatch/-/picomatch-4.0.5.tgz",
      "integrity": "sha512-RvwwcruNjI1ncT5xRakeyS9Lf8lcItv34KD+aif+VH9kduAyfYBipGh12274xtenIPZ119/R9BdTBa8gAwSh0A==",
      "dev": true,
      "license": "MIT",
      "engines": { "node": ">=12" }
    },
    "node_modules/postcss": {
      "version": "8.5.26",
      "resolved": "https://registry.npmjs.org/postcss/-/postcss-8.5.26.tgz",
      "integrity": "sha512-u82N74LFzG8ca+dD8puPnplTXoGH4fTPpVGuIbt36G3qvNlkvfD0lEAZSxaly3KX8TS/L1A1gsCEmvKmBcVbkQ==",
      "dev": true,
      "license": "MIT",
      "dependencies": { "nanoid": "^3.3.17", "picocolors": "^1.1.1", "source-map-js": "^1.2.1" }
    },
    "node_modules/rolldown": {
      "version": "1.2.4",
      "resolved": "https://registry.npmjs.org/rolldown/-/rolldown-1.2.4.tgz",
      "integrity": "sha512-rSr7irW0K7QRWzjdJXqZowkcRdDtjRduh43rBltnVKd0VFq839l1lJoDvGJb6gl7+4rTTCrPWu+YfujUL8Ug7w==",
      "dev": true,
      "license": "MIT",
      "dependencies": { "@oxc-project/types": "=0.144.0", "@rolldown/pluginutils": "^1.0.0" },
      "optionalDependencies": { "@rolldown/binding-linux-x64-gnu": "1.2.4" }
    },
    "node_modules/tinyglobby": {
      "version": "0.2.17",
      "resolved": "https://registry.npmjs.org/tinyglobby/-/tinyglobby-0.2.17.tgz",
      "integrity": "sha512-wXR/dYpcqKmfWpEdZjiKJOwCNFndD0DMnrW/cYjVGttEkBfVgcLFHoNrlj47mjOVic9yyNu65alsgF4NQyTa2g==",
      "dev": true,
      "license": "MIT",
      "dependencies": { "fdir": "^6.5.0", "picomatch": "^4.0.4" }
    },
    "node_modules/detect-libc": {
      "version": "2.1.2",
      "resolved": "https://registry.npmjs.org/detect-libc/-/detect-libc-2.1.2.tgz",
      "integrity": "sha512-Btj2BOOO83o3WyH59e8MgXsxEQVcarkUOpEYrubB0urwnN10yQ364rsiByU11nZlqWYZm05i/of7io4mzihBtQ==",
      "dev": true,
      "license": "Apache-2.0"
    },
    "node_modules/@oxc-project/types": {
      "version": "0.144.0",
      "resolved": "https://registry.npmjs.org/@oxc-project/types/-/types-0.144.0.tgz",
      "integrity": "sha512-nuhZIOLuI6TFQ32I/WnUx+SCPY7SdSKwgnFHydAuoS1+Z4BRcaP+RRJmGzl9lw+0OFF7UmaESf7KQRXaNLHypg==",
      "dev": true,
      "license": "MIT"
    },
    "node_modules/@rolldown/pluginutils": {
      "version": "1.0.1",
      "resolved": "https://registry.npmjs.org/@rolldown/pluginutils/-/pluginutils-1.0.1.tgz",
      "integrity": "sha512-2j9bGt5Jh8hj+vPtgzPtl72j0yRxHAyumoo6TNfAjsLB04UtpSvPbPcDcBMxz7n+9CYB0c1GxQFxYRg2jimqGw==",
      "dev": true,
      "license": "MIT"
    },
    "node_modules/fdir": {
      "version": "6.5.0",
      "resolved": "https://registry.npmjs.org/fdir/-/fdir-6.5.0.tgz",
      "integrity": "sha512-tIbYtZbucOs0BRGqPJkshJUYdL+SDH7dVM8gjy+ERp3WAUjLEFJE+02kanyHtwjWOnwrKYBiwAmM0p4kLJAnXg==",
      "dev": true,
      "license": "MIT"
    },
    "node_modules/nanoid": {
      "version": "3.3.18",
      "resolved": "https://registry.npmjs.org/nanoid/-/nanoid-3.3.18.tgz",
      "integrity": "sha512-DTg4MJbGMWkfi6VZFdNt2/caMbQy4Ou+Op/hJQvGEWcnVfoA1QA+xzRKAzw9jD6+GVOOeYr/mIcuDSdug6F6+w==",
      "dev": true,
      "license": "MIT",
      "bin": { "nanoid": "bin/nanoid.cjs" }
    },
    "node_modules/picocolors": {
      "version": "1.1.1",
      "resolved": "https://registry.npmjs.org/picocolors/-/picocolors-1.1.1.tgz",
      "integrity": "sha512-xceH2snhtb5M9liqDsmEw56le376mTZkEX/jEb/RxNFyegNul7eNslCXP9FDj/Lcu0X8KEyMceP2ntpaHrDEVA==",
      "dev": true,
      "license": "ISC"
    },
    "node_modules/source-map-js": {
      "version": "1.2.1",
      "resolved": "https://registry.npmjs.org/source-map-js/-/source-map-js-1.2.1.tgz",
      "integrity": "sha512-UXWMKhLOwVKb728IUtQPXxfYU+usdybtUrK/8uGE8CQMvrhOpwvzDBwj0QhSL7MQc7vIsISBG8VQ8+IDQxpfQA==",
      "dev": true,
      "license": "BSD-3-Clause"
    },
    "node_modules/@rolldown/binding-linux-x64-gnu": {
      "version": "1.2.4",
      "resolved": "https://registry.npmjs.org/@rolldown/binding-linux-x64-gnu/-/binding-linux-x64-gnu-1.2.4.tgz",
      "integrity": "sha512-4/GyVjmhR+Tc6HLJvwc1sOhPqAZtySiSMesOZyX6JQ5XBxoTDEMKQzvo07NIK6nTon/SivlZqvhzvuVBNQhObQ==",
      "cpu": ["x64"],
      "os": ["linux"],
      "dev": true,
      "optional": true,
      "license": "MIT"
    },
    "node_modules/playwright": {
      "version": "1.56.0",
      "resolved": "https://registry.npmjs.org/playwright/-/playwright-1.56.0.tgz",
      "integrity": "sha512-X5Q1b8lOdWIE4KAoHpW3SE8HvUB+ZZsUoN64ZhjnN8dOb1UpujxBtENGiZFE+9F/yhzJwYa+ca3u43FeLbboHA==",
      "dev": true,
      "license": "Apache-2.0",
      "dependencies": { "playwright-core": "1.56.0" }
    },
    "node_modules/playwright-core": {
      "version": "1.56.0",
      "resolved": "https://registry.npmjs.org/playwright-core/-/playwright-core-1.56.0.tgz",
      "integrity": "sha512-1SXl7pMfemAMSDn5rkPeZljxOCYAmQnYLBTExuh6E8USHXGSX3dx6lYZN/xPpTz1vimXmPA9CDnILvmJaB8aSQ==",
      "dev": true,
      "license": "Apache-2.0"
    }
  }
}
